
Microsoft Visual Studio Solution File, Format Version 11.00
# Visual Studio 2010
Project("{FAE04EC0-301F-11D3-BF4B-00C04F79EFBC}") = "MarkdownBuild.Tests", "MarkdownBuild.Tests\MarkdownBuild.Tests.csproj", "{BF1FFE8E-8DC4-4CDF-9E87-4FAB30584286}"
EndProject
Project("{2150E333-8FDC-42A3-9474-1A3956D46DE8}") = "Solution Items", "Solution Items", "{0FF07866-8DCA-47B4-B391-698B10833F70}"
	ProjectSection(SolutionItems) = preProject
		Local.testsettings = Local.testsettings
		MarkdownBuild.vsmdi = MarkdownBuild.vsmdi
		TraceAndTestImpact.testsettings = TraceAndTestImpact.testsettings
	EndProjectSection
EndProject
Project("{FAE04EC0-301F-11D3-BF4B-00C04F79EFBC}") = "MarkdownBuild", "MarkdownBuild\MarkdownBuild.csproj", "{6599E9B2-6649-43F2-AEC2-E820F6A3BEAA}"
EndProject
Global
	GlobalSection(TestCaseManagementSettings) = postSolution
		CategoryFile = MarkdownBuild.vsmdi
	EndGlobalSection
	GlobalSection(SolutionConfigurationPlatforms) = preSolution
		Debug|Any CPU = Debug|Any CPU
		Release|Any CPU = Release|Any CPU
	EndGlobalSection
	GlobalSection(ProjectConfigurationPlatforms) = postSolution
		{BF1FFE8E-8DC4-4CDF-9E87-4FAB30584286}.Debug|Any CPU.ActiveCfg = Debug|Any CPU
		{BF1FFE8E-8DC4-4CDF-9E87-4FAB30584286}.Debug|Any CPU.Build.0 = Debug|Any CPU
		{BF1FFE8E-8DC4-4CDF-9E87-4FAB30584286}.Release|Any CPU.ActiveCfg = Release|Any CPU
		{BF1FFE8E-8DC4-4CDF-9E87-4FAB30584286}.Release|Any CPU.Build.0 = Release|Any CPU
		{6599E9B2-6649-43F2-AEC2-E820F6A3BEAA}.Debug|Any CPU.ActiveCfg = Debug|Any CPU
		{6599E9B2-6649-43F2-AEC2-E820F6A3BEAA}.Debug|Any CPU.Build.0 = Debug|Any CPU
		{6599E9B2-6649-43F2-AEC2-E820F6A3BEAA}.Release|Any CPU.ActiveCfg = Release|Any CPU
		{6599E9B2-6649-43F2-AEC2-E820F6A3BEAA}.Release|Any CPU.Build.0 = Release|Any CPU
	EndGlobalSection
	GlobalSection(SolutionProperties) = preSolution
		HideSolutionNode = FALSE
	EndGlobalSection
EndGlobal
